Microsoft Visual Studio Solution File, Format Version 12.00
# Visual Studio Version 17
VisualStudioVersion = 17.5.2.0
MinimumVisualStudioVersion = 10.0.40219.1
Project("{FAE04EC0-301F-11D3-BF4B-00C04F79EFBC}") = "umbraco_cms", "umbraco_cms.csproj", "{37C1E306-901F-B6F9-B5AD-5BEF45FE1DA1}"
EndProject
Global
	GlobalSection(SolutionConfigurationPlatforms) = preSolution
		Debug|Any CPU = Debug|Any CPU
		Release|Any CPU = Release|Any CPU
	EndGlobalSection
	GlobalSection(ProjectConfigurationPlatforms) = postSolution
		{37C1E306-901F-B6F9-B5AD-5BEF45FE1DA1}.Debug|Any CPU.ActiveCfg = Debug|Any CPU
		{37C1E306-901F-B6F9-B5AD-5BEF45FE1DA1}.Debug|Any CPU.Build.0 = Debug|Any CPU
		{37C1E306-901F-B6F9-B5AD-5BEF45FE1DA1}.Release|Any CPU.ActiveCfg = Release|Any CPU
		{37C1E306-901F-B6F9-B5AD-5BEF45FE1DA1}.Release|Any CPU.Build.0 = Release|Any CPU
	EndGlobalSection
	GlobalSection(SolutionProperties) = preSolution
		HideSolutionNode = FALSE
	EndGlobalSection
	GlobalSection(ExtensibilityGlobals) = postSolution
		SolutionGuid = {0D6634A8-15C6-4A30-86E7-BE2F8045254F}
	EndGlobalSection
EndGlobal
